{
    "_readme": [
        "This file locks the dependencies of your project to a known state",
        "Read more about it at https://getcomposer.org/doc/01-basic-usage.md#installing-dependencies",
        "This file is @generated automatically"
    ],
    "content-hash": "b8fa5df30d07f64740bd325b35cf1435",
    "packages": [
        {
            "name": "bcosca/fatfree-core",
            "version": "dev-master",
            "source": {
                "type": "git",
                "url": "https://github.com/bcosca/fatfree-core.git",
                "reference": "e2feb0110640e76e2b8ce704fe87aba1414c4f9e"
            },
            "dist": {
                "type": "zip",
                "url": "https://api.github.com/repos/bcosca/fatfree-core/zipball/e2feb0110640e76e2b8ce704fe87aba1414c4f9e",
                "reference": "e2feb0110640e76e2b8ce704fe87aba1414c4f9e",
                "shasum": ""
            },
            "require": {
                "php": ">=5.4"
            },
            "type": "library",
            "autoload": {
                "classmap": [
                    "."
                ]
            },
            "notification-url": "https://packagist.org/downloads/",
            "license": [
                "GPL-3.0"
            ],
            "description": "A powerful yet easy-to-use PHP micro-framework designed to help you build dynamic and robust Web applications - fast!",
            "homepage": "http://fatfreeframework.com/",
            "time": "2019-08-29T11:43:40+00:00"
        }
    ],
    "packages-dev": [],
    "aliases": [],
    "minimum-stability": "stable",
    "stability-flags": {
        "bcosca/fatfree-core": 20
    },
    "prefer-stable": false,
    "prefer-lowest": false,
    "platform": [],
    "platform-dev": []
}
